
Microsoft Visual Studio Solution File, Format Version 12.00
# Visual Studio Version 17
VisualStudioVersion = 17.6.33723.286
MinimumVisualStudioVersion = 10.0.40219.1
Project("{FAE04EC0-301F-11D3-BF4B-00C04F79EFBC}") = "Project", "Project\Project.csproj", "{BFC0451D-FF7C-4E9F-B744-426B4049541F}"
EndProject
Project("{FAE04EC0-301F-11D3-BF4B-00C04F79EFBC}") = "UnitTestProject", "UnitTestProject\UnitTestProject.csproj", "{A2FD76B7-A61B-481E-917B-D2D86BFE71A7}"
EndProject
Global
	GlobalSection(SolutionConfigurationPlatforms) = preSolution
		Debug|Any CPU = Debug|Any CPU
		Release|Any CPU = Release|Any CPU
	EndGlobalSection
	GlobalSection(ProjectConfigurationPlatforms) = postSolution
		{BFC0451D-FF7C-4E9F-B744-426B4049541F}.Debug|Any CPU.ActiveCfg = Debug|Any CPU
		{BFC0451D-FF7C-4E9F-B744-426B4049541F}.Debug|Any CPU.Build.0 = Debug|Any CPU
		{BFC0451D-FF7C-4E9F-B744-426B4049541F}.Release|Any CPU.ActiveCfg = Release|Any CPU
		{BFC0451D-FF7C-4E9F-B744-426B4049541F}.Release|Any CPU.Build.0 = Release|Any CPU
		{A2FD76B7-A61B-481E-917B-D2D86BFE71A7}.Debug|Any CPU.ActiveCfg = Debug|Any CPU
		{A2FD76B7-A61B-481E-917B-D2D86BFE71A7}.Debug|Any CPU.Build.0 = Debug|Any CPU
		{A2FD76B7-A61B-481E-917B-D2D86BFE71A7}.Release|Any CPU.ActiveCfg = Release|Any CPU
		{A2FD76B7-A61B-481E-917B-D2D86BFE71A7}.Release|Any CPU.Build.0 = Release|Any CPU
	EndGlobalSection
	GlobalSection(SolutionProperties) = preSolution
		HideSolutionNode = FALSE
	EndGlobalSection
	GlobalSection(ExtensibilityGlobals) = postSolution
		SolutionGuid = {8B24CF63-265D-4B45-AE8A-E82DE0A18314}
	EndGlobalSection
EndGlobal
